
Microsoft Visual Studio Solution File, Format Version 12.00
# Visual Studio 15
Project("{FAE04EC0-301F-11D3-BF4B-00C04F79EFBC}") = "Assembly-CSharp", "Assembly-CSharp.csproj", "{939A91EA-B348-CC32-DA0E-DE2235C9A627}"
EndProject
Project("{FAE04EC0-301F-11D3-BF4B-00C04F79EFBC}") = "Assembly-CSharp-Editor", "Assembly-CSharp-Editor.csproj", "{154ECF8C-9034-8160-F2A7-F9CF4E911F2E}"
EndProject
Global
	GlobalSection(SolutionConfigurationPlatforms) = preSolution
		Debug|Any CPU = Debug|Any CPU
		Release|Any CPU = Release|Any CPU
	EndGlobalSection
	GlobalSection(ProjectConfigurationPlatforms) = postSolution
		{939A91EA-B348-CC32-DA0E-DE2235C9A627}.Debug|Any CPU.ActiveCfg = Debug|Any CPU
		{939A91EA-B348-CC32-DA0E-DE2235C9A627}.Debug|Any CPU.Build.0 = Debug|Any CPU
		{939A91EA-B348-CC32-DA0E-DE2235C9A627}.Release|Any CPU.ActiveCfg = Release|Any CPU
		{939A91EA-B348-CC32-DA0E-DE2235C9A627}.Release|Any CPU.Build.0 = Release|Any CPU
		{154ECF8C-9034-8160-F2A7-F9CF4E911F2E}.Debug|Any CPU.ActiveCfg = Debug|Any CPU
		{154ECF8C-9034-8160-F2A7-F9CF4E911F2E}.Debug|Any CPU.Build.0 = Debug|Any CPU
		{154ECF8C-9034-8160-F2A7-F9CF4E911F2E}.Release|Any CPU.ActiveCfg = Release|Any CPU
		{154ECF8C-9034-8160-F2A7-F9CF4E911F2E}.Release|Any CPU.Build.0 = Release|Any CPU
	EndGlobalSection
	GlobalSection(SolutionProperties) = preSolution
		HideSolutionNode = FALSE
	EndGlobalSection
EndGlobal
